
Microsoft Visual Studio Solution File, Format Version 12.00
# Visual Studio Version 17
VisualStudioVersion = 17.9.34714.143
MinimumVisualStudioVersion = 10.0.40219.1
Project("{FAE04EC0-301F-11D3-BF4B-00C04F79EFBC}") = "MauiApp1", "MauiApp1.csproj", "{BDA2AD79-75D4-4E4F-A06F-2BF6E854FE95}"
EndProject
Global
	GlobalSection(SolutionConfigurationPlatforms) = preSolution
		Debug|Any CPU = Debug|Any CPU
		Release|Any CPU = Release|Any CPU
	EndGlobalSection
	GlobalSection(ProjectConfigurationPlatforms) = postSolution
		{BDA2AD79-75D4-4E4F-A06F-2BF6E854FE95}.Debug|Any CPU.ActiveCfg = Debug|Any CPU
		{BDA2AD79-75D4-4E4F-A06F-2BF6E854FE95}.Debug|Any CPU.Build.0 = Debug|Any CPU
		{BDA2AD79-75D4-4E4F-A06F-2BF6E854FE95}.Debug|Any CPU.Deploy.0 = Debug|Any CPU
		{BDA2AD79-75D4-4E4F-A06F-2BF6E854FE95}.Release|Any CPU.ActiveCfg = Release|Any CPU
		{BDA2AD79-75D4-4E4F-A06F-2BF6E854FE95}.Release|Any CPU.Build.0 = Release|Any CPU
		{BDA2AD79-75D4-4E4F-A06F-2BF6E854FE95}.Release|Any CPU.Deploy.0 = Release|Any CPU
	EndGlobalSection
	GlobalSection(SolutionProperties) = preSolution
		HideSolutionNode = FALSE
	EndGlobalSection
	GlobalSection(ExtensibilityGlobals) = postSolution
		SolutionGuid = {ACBFE9CA-F3EC-4F05-8914-F2C1B9675583}
	EndGlobalSection
EndGlobal
